
Microsoft Visual Studio Solution File, Format Version 12.00
# Visual Studio Version 17
VisualStudioVersion = 17.6.33829.357
MinimumVisualStudioVersion = 10.0.40219.1
Project("{9A19103F-16F7-4668-BE54-9A1E7A4F7556}") = "InvoiceControl.Api", "InvoiceControl.Api\InvoiceControl.Api.csproj", "{B13EB28A-FCBE-4577-9C7E-05F350EFA567}"
EndProject
Project("{2150E333-8FDC-42A3-9474-1A3956D46DE8}") = "0 - Tests", "0 - Tests", "{C97AEF2C-C151-432E-89B0-7C3D81165816}"
EndProject
Project("{9A19103F-16F7-4668-BE54-9A1E7A4F7556}") = "UnitaryTests", "UnitaryTests\UnitaryTests.csproj", "{69932485-1203-49C0-B144-F2A2669FE9AC}"
EndProject
Project("{2150E333-8FDC-42A3-9474-1A3956D46DE8}") = "1 - Presentation", "1 - Presentation", "{F63841D6-83A0-4A6F-A7F6-8142F72BADE8}"
EndProject
Project("{2150E333-8FDC-42A3-9474-1A3956D46DE8}") = "2 - Application", "2 - Application", "{73BF85E8-F569-42BB-86BD-D61832D12A5C}"
EndProject
Project("{2150E333-8FDC-42A3-9474-1A3956D46DE8}") = "3 - Domain", "3 - Domain", "{25F6F88F-C71A-47B6-9FAF-7A18ABE3CBC4}"
EndProject
Project("{2150E333-8FDC-42A3-9474-1A3956D46DE8}") = "4 - Infrastructure", "4 - Infrastructure", "{778E8957-038E-4473-9B9E-1E45DA4B3CB8}"
EndProject
Project("{9A19103F-16F7-4668-BE54-9A1E7A4F7556}") = "InvoiceControl.Application", "InvoiceControl.Application\InvoiceControl.Application.csproj", "{29D86E7F-DDC9-4F9B-89D3-8030A9BD5721}"
EndProject
Project("{9A19103F-16F7-4668-BE54-9A1E7A4F7556}") = "InvoiceControl.Domain", "InvoiceControl.Domain\InvoiceControl.Domain.csproj", "{961300DC-559C-465E-9FB1-B6B65AFF1C9A}"
EndProject
Project("{2150E333-8FDC-42A3-9474-1A3956D46DE8}") = "4.1 - Data", "4.1 - Data", "{632A04FE-BBDE-4D43-AFFA-ABC5B2A1CCC0}"
EndProject
Project("{9A19103F-16F7-4668-BE54-9A1E7A4F7556}") = "InvoiceControl.Data", "InvoiceControl.Data\InvoiceControl.Data.csproj", "{EC5EE0AF-5282-4DB2-85F1-A1F93C124C22}"
EndProject
Project("{2150E333-8FDC-42A3-9474-1A3956D46DE8}") = "4.2 - Integrations", "4.2 - Integrations", "{A341110F-E632-4295-B40F-CE4A40510BAD}"
EndProject
Project("{2150E333-8FDC-42A3-9474-1A3956D46DE8}") = "4.3 - Transversal", "4.3 - Transversal", "{1ADAFFE5-481D-4568-8547-071292AFEFDA}"
EndProject
Project("{9A19103F-16F7-4668-BE54-9A1E7A4F7556}") = "InvoiceControl.Dto", "InvoiceControl.Dto\InvoiceControl.Dto.csproj", "{67AE67E4-CB0B-419C-8D31-7391749D9827}"
EndProject
Project("{9A19103F-16F7-4668-BE54-9A1E7A4F7556}") = "InvoiceControl.Data.Dao", "InvoiceControl.Data.Dao\InvoiceControl.Data.Dao.csproj", "{17F240DE-1BE3-4CA8-9978-2EFFB64843AD}"
EndProject
Project("{9A19103F-16F7-4668-BE54-9A1E7A4F7556}") = "InvoiceControl.Data.Repository", "InvoiceControl.Data.Repository\InvoiceControl.Data.Repository.csproj", "{DDADF681-F46C-4AFE-8508-1D1D582406A1}"
EndProject
Project("{9A19103F-16F7-4668-BE54-9A1E7A4F7556}") = "InvoiceControl.IoC", "InvoiceControl.IoC\InvoiceControl.IoC.csproj", "{C723F24A-99BC-48FF-BEC0-6C83AB8C2A5A}"
EndProject
Global
	GlobalSection(SolutionConfigurationPlatforms) = preSolution
		Debug|Any CPU = Debug|Any CPU
		Release|Any CPU = Release|Any CPU
	EndGlobalSection
	GlobalSection(ProjectConfigurationPlatforms) = postSolution
		{B13EB28A-FCBE-4577-9C7E-05F350EFA567}.Debug|Any CPU.ActiveCfg = Debug|Any CPU
		{B13EB28A-FCBE-4577-9C7E-05F350EFA567}.Debug|Any CPU.Build.0 = Debug|Any CPU
		{B13EB28A-FCBE-4577-9C7E-05F350EFA567}.Release|Any CPU.ActiveCfg = Release|Any CPU
		{B13EB28A-FCBE-4577-9C7E-05F350EFA567}.Release|Any CPU.Build.0 = Release|Any CPU
		{69932485-1203-49C0-B144-F2A2669FE9AC}.Debug|Any CPU.ActiveCfg = Debug|Any CPU
		{69932485-1203-49C0-B144-F2A2669FE9AC}.Debug|Any CPU.Build.0 = Debug|Any CPU
		{69932485-1203-49C0-B144-F2A2669FE9AC}.Release|Any CPU.ActiveCfg = Release|Any CPU
		{69932485-1203-49C0-B144-F2A2669FE9AC}.Release|Any CPU.Build.0 = Release|Any CPU
		{29D86E7F-DDC9-4F9B-89D3-8030A9BD5721}.Debug|Any CPU.ActiveCfg = Debug|Any CPU
		{29D86E7F-DDC9-4F9B-89D3-8030A9BD5721}.Debug|Any CPU.Build.0 = Debug|Any CPU
		{29D86E7F-DDC9-4F9B-89D3-8030A9BD5721}.Release|Any CPU.ActiveCfg = Release|Any CPU
		{29D86E7F-DDC9-4F9B-89D3-8030A9BD5721}.Release|Any CPU.Build.0 = Release|Any CPU
		{961300DC-559C-465E-9FB1-B6B65AFF1C9A}.Debug|Any CPU.ActiveCfg = Debug|Any CPU
		{961300DC-559C-465E-9FB1-B6B65AFF1C9A}.Debug|Any CPU.Build.0 = Debug|Any CPU
		{961300DC-559C-465E-9FB1-B6B65AFF1C9A}.Release|Any CPU.ActiveCfg = Release|Any CPU
		{961300DC-559C-465E-9FB1-B6B65AFF1C9A}.Release|Any CPU.Build.0 = Release|Any CPU
		{EC5EE0AF-5282-4DB2-85F1-A1F93C124C22}.Debug|Any CPU.ActiveCfg = Debug|Any CPU
		{EC5EE0AF-5282-4DB2-85F1-A1F93C124C22}.Debug|Any CPU.Build.0 = Debug|Any CPU
		{EC5EE0AF-5282-4DB2-85F1-A1F93C124C22}.Release|Any CPU.ActiveCfg = Release|Any CPU
		{EC5EE0AF-5282-4DB2-85F1-A1F93C124C22}.Release|Any CPU.Build.0 = Release|Any CPU
		{67AE67E4-CB0B-419C-8D31-7391749D9827}.Debug|Any CPU.ActiveCfg = Debug|Any CPU
		{67AE67E4-CB0B-419C-8D31-7391749D9827}.Debug|Any CPU.Build.0 = Debug|Any CPU
		{67AE67E4-CB0B-419C-8D31-7391749D9827}.Release|Any CPU.ActiveCfg = Release|Any CPU
		{67AE67E4-CB0B-419C-8D31-7391749D9827}.Release|Any CPU.Build.0 = Release|Any CPU
		{17F240DE-1BE3-4CA8-9978-2EFFB64843AD}.Debug|Any CPU.ActiveCfg = Debug|Any CPU
		{17F240DE-1BE3-4CA8-9978-2EFFB64843AD}.Debug|Any CPU.Build.0 = Debug|Any CPU
		{17F240DE-1BE3-4CA8-9978-2EFFB64843AD}.Release|Any CPU.ActiveCfg = Release|Any CPU
		{17F240DE-1BE3-4CA8-9978-2EFFB64843AD}.Release|Any CPU.Build.0 = Release|Any CPU
		{DDADF681-F46C-4AFE-8508-1D1D582406A1}.Debug|Any CPU.ActiveCfg = Debug|Any CPU
		{DDADF681-F46C-4AFE-8508-1D1D582406A1}.Debug|Any CPU.Build.0 = Debug|Any CPU
		{DDADF681-F46C-4AFE-8508-1D1D582406A1}.Release|Any CPU.ActiveCfg = Release|Any CPU
		{DDADF681-F46C-4AFE-8508-1D1D582406A1}.Release|Any CPU.Build.0 = Release|Any CPU
		{C723F24A-99BC-48FF-BEC0-6C83AB8C2A5A}.Debug|Any CPU.ActiveCfg = Debug|Any CPU
		{C723F24A-99BC-48FF-BEC0-6C83AB8C2A5A}.Debug|Any CPU.Build.0 = Debug|Any CPU
		{C723F24A-99BC-48FF-BEC0-6C83AB8C2A5A}.Release|Any CPU.ActiveCfg = Release|Any CPU
		{C723F24A-99BC-48FF-BEC0-6C83AB8C2A5A}.Release|Any CPU.Build.0 = Release|Any CPU
	EndGlobalSection
	GlobalSection(SolutionProperties) = preSolution
		HideSolutionNode = FALSE
	EndGlobalSection
	GlobalSection(NestedProjects) = preSolution
		{B13EB28A-FCBE-4577-9C7E-05F350EFA567} = {F63841D6-83A0-4A6F-A7F6-8142F72BADE8}
		{69932485-1203-49C0-B144-F2A2669FE9AC} = {C97AEF2C-C151-432E-89B0-7C3D81165816}
		{29D86E7F-DDC9-4F9B-89D3-8030A9BD5721} = {73BF85E8-F569-42BB-86BD-D61832D12A5C}
		{961300DC-559C-465E-9FB1-B6B65AFF1C9A} = {25F6F88F-C71A-47B6-9FAF-7A18ABE3CBC4}
		{632A04FE-BBDE-4D43-AFFA-ABC5B2A1CCC0} = {778E8957-038E-4473-9B9E-1E45DA4B3CB8}
		{EC5EE0AF-5282-4DB2-85F1-A1F93C124C22} = {632A04FE-BBDE-4D43-AFFA-ABC5B2A1CCC0}
		{A341110F-E632-4295-B40F-CE4A40510BAD} = {778E8957-038E-4473-9B9E-1E45DA4B3CB8}
		{1ADAFFE5-481D-4568-8547-071292AFEFDA} = {778E8957-038E-4473-9B9E-1E45DA4B3CB8}
		{67AE67E4-CB0B-419C-8D31-7391749D9827} = {1ADAFFE5-481D-4568-8547-071292AFEFDA}
		{17F240DE-1BE3-4CA8-9978-2EFFB64843AD} = {632A04FE-BBDE-4D43-AFFA-ABC5B2A1CCC0}
		{DDADF681-F46C-4AFE-8508-1D1D582406A1} = {632A04FE-BBDE-4D43-AFFA-ABC5B2A1CCC0}
		{C723F24A-99BC-48FF-BEC0-6C83AB8C2A5A} = {1ADAFFE5-481D-4568-8547-071292AFEFDA}
	EndGlobalSection
	GlobalSection(ExtensibilityGlobals) = postSolution
		SolutionGuid = {608B4107-D724-4322-85F5-D5E68701DFF3}
	EndGlobalSection
EndGlobal
